
Microsoft Visual Studio Solution File, Format Version 12.00
# Visual Studio Version 16
VisualStudioVersion = 16.0.30717.126
MinimumVisualStudioVersion = 10.0.40219.1
Project("{FAE04EC0-301F-11D3-BF4B-00C04F79EFBC}") = "ClassMetodDemo", "ClassMetodDemo\ClassMetodDemo.csproj", "{DBB96A91-93CA-4F5A-B03C-F6A5DAD47D11}"
EndProject
Global
	GlobalSection(SolutionConfigurationPlatforms) = preSolution
		Debug|Any CPU = Debug|Any CPU
		Release|Any CPU = Release|Any CPU
	EndGlobalSection
	GlobalSection(ProjectConfigurationPlatforms) = postSolution
		{DBB96A91-93CA-4F5A-B03C-F6A5DAD47D11}.Debug|Any CPU.ActiveCfg = Debug|Any CPU
		{DBB96A91-93CA-4F5A-B03C-F6A5DAD47D11}.Debug|Any CPU.Build.0 = Debug|Any CPU
		{DBB96A91-93CA-4F5A-B03C-F6A5DAD47D11}.Release|Any CPU.ActiveCfg = Release|Any CPU
		{DBB96A91-93CA-4F5A-B03C-F6A5DAD47D11}.Release|Any CPU.Build.0 = Release|Any CPU
	EndGlobalSection
	GlobalSection(SolutionProperties) = preSolution
		HideSolutionNode = FALSE
	EndGlobalSection
	GlobalSection(ExtensibilityGlobals) = postSolution
		SolutionGuid = {BA915515-A016-4B64-96DE-7025E9755F19}
	EndGlobalSection
EndGlobal
